// !$*UTF8*$!
{
	archiveVersion = 1;
	classes = {
	};
	objectVersion = 46;
	objects = {

/* Begin PBXBuildFile section */
		010F3395183CC2780036FF0C /* Foundation.framework in Frameworks */ = {isa = PBXBuildFile; fileRef = 010F3394183CC2780036FF0C /* Foundation.framework */; };
		010F3397183CC2780036FF0C /* CoreGraphics.framework in Frameworks */ = {isa = PBXBuildFile; fileRef = 010F3396183CC2780036FF0C /* CoreGraphics.framework */; };
		010F3399183CC2780036FF0C /* UIKit.framework in Frameworks */ = {isa = PBXBuildFile; fileRef = 010F3398183CC2780036FF0C /* UIKit.framework */; };
		010F339F183CC2780036FF0C /* InfoPlist.strings in Resources */ = {isa = PBXBuildFile; fileRef = 010F339D183CC2780036FF0C /* InfoPlist.strings */; };
		010F33A1183CC2780036FF0C /* main.m in Sources */ = {isa = PBXBuildFile; fileRef = 010F33A0183CC2780036FF0C /* main.m */; };
		010F33A5183CC2780036FF0C /* AppDelegate.m in Sources */ = {isa = PBXBuildFile; fileRef = 010F33A4183CC2780036FF0C /* AppDelegate.m */; };
		010F33AB183CC2780036FF0C /* ViewController.m in Sources */ = {isa = PBXBuildFile; fileRef = 010F33AA183CC2780036FF0C /* ViewController.m */; };
		010F33AD183CC2780036FF0C /* Images.xcassets in Resources */ = {isa = PBXBuildFile; fileRef = 010F33AC183CC2780036FF0C /* Images.xcassets */; };
		010F33D1183CC9DE0036FF0C /* FXNotifications.m in Sources */ = {isa = PBXBuildFile; fileRef = 010F33D0183CC9DE0036FF0C /* FXNotifications.m */; };
		1A0283DE18D0255700DCEB95 /* Cocoa.framework in Frameworks */ = {isa = PBXBuildFile; fileRef = 1A0283DD18D0255700DCEB95 /* Cocoa.framework */; };
		1A0283E818D0255700DCEB95 /* InfoPlist.strings in Resources */ = {isa = PBXBuildFile; fileRef = 1A0283E618D0255700DCEB95 /* InfoPlist.strings */; };
		1A0283EA18D0255700DCEB95 /* main.m in Sources */ = {isa = PBXBuildFile; fileRef = 1A0283E918D0255700DCEB95 /* main.m */; };
		1A0283F118D0255700DCEB95 /* AppDelegate.m in Sources */ = {isa = PBXBuildFile; fileRef = 1A0283F018D0255700DCEB95 /* AppDelegate.m */; };
		1A0283F418D0255700DCEB95 /* MainMenu.xib in Resources */ = {isa = PBXBuildFile; fileRef = 1A0283F218D0255700DCEB95 /* MainMenu.xib */; };
		1A0283F618D0255700DCEB95 /* Images.xcassets in Resources */ = {isa = PBXBuildFile; fileRef = 1A0283F518D0255700DCEB95 /* Images.xcassets */; };
		1A0283FC18D0255700DCEB95 /* XCTest.framework in Frameworks */ = {isa = PBXBuildFile; fileRef = 010F33B3183CC2780036FF0C /* XCTest.framework */; };
		1A0283FD18D0255700DCEB95 /* Cocoa.framework in Frameworks */ = {isa = PBXBuildFile; fileRef = 1A0283DD18D0255700DCEB95 /* Cocoa.framework */; };
		1A02841718D02BC200DCEB95 /* WindowController.m in Sources */ = {isa = PBXBuildFile; fileRef = 1A02841518D02BC200DCEB95 /* WindowController.m */; };
		1A02841818D02BC200DCEB95 /* WindowController.xib in Resources */ = {isa = PBXBuildFile; fileRef = 1A02841618D02BC200DCEB95 /* WindowController.xib */; };
		1A02841918D0375800DCEB95 /* FXNotifications.m in Sources */ = {isa = PBXBuildFile; fileRef = 010F33D0183CC9DE0036FF0C /* FXNotifications.m */; };
		1AD9155918D0210B006E1635 /* Main.storyboard in Resources */ = {isa = PBXBuildFile; fileRef = 1AD9155B18D0210B006E1635 /* Main.storyboard */; };
/* End PBXBuildFile section */

/* Begin PBXContainerItemProxy section */
		1A0283FE18D0255700DCEB95 /* PBXContainerItemProxy */ = {
			isa = PBXContainerItemProxy;
			containerPortal = 010F3389183CC2780036FF0C /* Project object */;
			proxyType = 1;
			remoteGlobalIDString = 1A0283DB18D0255700DCEB95;
			remoteInfo = NotificationsTest;
		};
/* End PBXContainerItemProxy section */

/* Begin PBXFileReference section */
		010F3391183CC2780036FF0C /* NotificationsTest.app */ = {isa = PBXFileReference; explicitFileType = wrapper.application; includeInIndex = 0; path = NotificationsTest.app; sourceTree = BUILT_PRODUCTS_DIR; };
		010F3394183CC2780036FF0C /* Foundation.framework */ = {isa = PBXFileReference; lastKnownFileType = wrapper.framework; name = Foundation.framework; path = System/Library/Frameworks/Foundation.framework; sourceTree = SDKROOT; };
		010F3396183CC2780036FF0C /* CoreGraphics.framework */ = {isa = PBXFileReference; lastKnownFileType = wrapper.framework; name = CoreGraphics.framework; path = System/Library/Frameworks/CoreGraphics.framework; sourceTree = SDKROOT; };
		010F3398183CC2780036FF0C /* UIKit.framework */ = {isa = PBXFileReference; lastKnownFileType = wrapper.framework; name = UIKit.framework; path = System/Library/Frameworks/UIKit.framework; sourceTree = SDKROOT; };
		010F339C183CC2780036FF0C /* NotificationsTest-Info.plist */ = {isa = PBXFileReference; lastKnownFileType = text.plist.xml; path = "NotificationsTest-Info.plist"; sourceTree = "<group>"; };
		010F339E183CC2780036FF0C /* en */ = {isa = PBXFileReference; lastKnownFileType = text.plist.strings; name = en; path = en.lproj/InfoPlist.strings; sourceTree = "<group>"; };
		010F33A0183CC2780036FF0C /* main.m */ = {isa = PBXFileReference; lastKnownFileType = sourcecode.c.objc; path = main.m; sourceTree = "<group>"; };
		010F33A2183CC2780036FF0C /* NotificationsTest-Prefix.pch */ = {isa = PBXFileReference; lastKnownFileType = sourcecode.c.h; path = "NotificationsTest-Prefix.pch"; sourceTree = "<group>"; };
		010F33A3183CC2780036FF0C /* AppDelegate.h */ = {isa = PBXFileReference; lastKnownFileType = sourcecode.c.h; path = AppDelegate.h; sourceTree = "<group>"; };
		010F33A4183CC2780036FF0C /* AppDelegate.m */ = {isa = PBXFileReference; lastKnownFileType = sourcecode.c.objc; path = AppDelegate.m; sourceTree = "<group>"; };
		010F33A9183CC2780036FF0C /* ViewController.h */ = {isa = PBXFileReference; lastKnownFileType = sourcecode.c.h; path = ViewController.h; sourceTree = "<group>"; };
		010F33AA183CC2780036FF0C /* ViewController.m */ = {isa = PBXFileReference; lastKnownFileType = sourcecode.c.objc; path = ViewController.m; sourceTree = "<group>"; };
		010F33AC183CC2780036FF0C /* Images.xcassets */ = {isa = PBXFileReference; lastKnownFileType = folder.assetcatalog; path = Images.xcassets; sourceTree = "<group>"; };
		010F33B3183CC2780036FF0C /* XCTest.framework */ = {isa = PBXFileReference; lastKnownFileType = wrapper.framework; name = XCTest.framework; path = Library/Frameworks/XCTest.framework; sourceTree = DEVELOPER_DIR; };
		010F33CF183CC9DE0036FF0C /* FXNotifications.h */ = {isa = PBXFileReference; fileEncoding = 4; lastKnownFileType = sourcecode.c.h; path = FXNotifications.h; sourceTree = "<group>"; };
		010F33D0183CC9DE0036FF0C /* FXNotifications.m */ = {isa = PBXFileReference; fileEncoding = 4; lastKnownFileType = sourcecode.c.objc; path = FXNotifications.m; sourceTree = "<group>"; };
		1A0283DC18D0255700DCEB95 /* NotificationsTest (OS X).app */ = {isa = PBXFileReference; explicitFileType = wrapper.application; includeInIndex = 0; path = "NotificationsTest (OS X).app"; sourceTree = BUILT_PRODUCTS_DIR; };
		1A0283DD18D0255700DCEB95 /* Cocoa.framework */ = {isa = PBXFileReference; lastKnownFileType = wrapper.framework; name = Cocoa.framework; path = Library/Frameworks/Cocoa.framework; sourceTree = DEVELOPER_DIR; };
		1A0283E018D0255700DCEB95 /* AppKit.framework */ = {isa = PBXFileReference; lastKnownFileType = wrapper.framework; name = AppKit.framework; path = Library/Frameworks/AppKit.framework; sourceTree = SDKROOT; };
		1A0283E118D0255700DCEB95 /* CoreData.framework */ = {isa = PBXFileReference; lastKnownFileType = wrapper.framework; name = CoreData.framework; path = Library/Frameworks/CoreData.framework; sourceTree = SDKROOT; };
		1A0283E218D0255700DCEB95 /* Foundation.framework */ = {isa = PBXFileReference; lastKnownFileType = wrapper.framework; name = Foundation.framework; path = Library/Frameworks/Foundation.framework; sourceTree = SDKROOT; };
		1A0283E518D0255700DCEB95 /* NotificationsTest-Info.plist */ = {isa = PBXFileReference; lastKnownFileType = text.plist.xml; path = "NotificationsTest-Info.plist"; sourceTree = "<group>"; };
		1A0283E718D0255700DCEB95 /* en */ = {isa = PBXFileReference; lastKnownFileType = text.plist.strings; name = en; path = en.lproj/InfoPlist.strings; sourceTree = "<group>"; };
		1A0283E918D0255700DCEB95 /* main.m */ = {isa = PBXFileReference; lastKnownFileType = sourcecode.c.objc; path = main.m; sourceTree = "<group>"; };
		1A0283EB18D0255700DCEB95 /* NotificationsTest-Prefix.pch */ = {isa = PBXFileReference; lastKnownFileType = sourcecode.c.h; path = "NotificationsTest-Prefix.pch"; sourceTree = "<group>"; };
		1A0283EF18D0255700DCEB95 /* AppDelegate.h */ = {isa = PBXFileReference; lastKnownFileType = sourcecode.c.h; path = AppDelegate.h; sourceTree = "<group>"; };
		1A0283F018D0255700DCEB95 /* AppDelegate.m */ = {isa = PBXFileReference; lastKnownFileType = sourcecode.c.objc; path = AppDelegate.m; sourceTree = "<group>"; };
		1A0283F318D0255700DCEB95 /* Base */ = {isa = PBXFileReference; lastKnownFileType = file.xib; name = Base; path = Base.lproj/MainMenu.xib; sourceTree = "<group>"; };
		1A0283F518D0255700DCEB95 /* Images.xcassets */ = {isa = PBXFileReference; lastKnownFileType = folder.assetcatalog; path = Images.xcassets; sourceTree = "<group>"; };
		1A0283FB18D0255700DCEB95 /* NotificationsTestTests.xctest */ = {isa = PBXFileReference; explicitFileType = wrapper.cfbundle; includeInIndex = 0; path = NotificationsTestTests.xctest; sourceTree = BUILT_PRODUCTS_DIR; };
		1A02841418D02BC200DCEB95 /* WindowController.h */ = {isa = PBXFileReference; fileEncoding = 4; lastKnownFileType = sourcecode.c.h; path = WindowController.h; sourceTree = "<group>"; };
		1A02841518D02BC200DCEB95 /* WindowController.m */ = {isa = PBXFileReference; fileEncoding = 4; lastKnownFileType = sourcecode.c.objc; path = WindowController.m; sourceTree = "<group>"; };
		1A02841618D02BC200DCEB95 /* WindowController.xib */ = {isa = PBXFileReference; fileEncoding = 4; lastKnownFileType = file.xib; path = WindowController.xib; sourceTree = "<group>"; };
		1AD9155A18D0210B006E1635 /* Base */ = {isa = PBXFileReference; lastKnownFileType = file.storyboard; name = Base; path = Base.lproj/Main.storyboard; sourceTree = "<group>"; };
/* End PBXFileReference section */

/* Begin PBXFrameworksBuildPhase section */
		010F338E183CC2780036FF0C /* Frameworks */ = {
			isa = PBXFrameworksBuildPhase;
			buildActionMask = 2147483647;
			files = (
				010F3397183CC2780036FF0C /* CoreGraphics.framework in Frameworks */,
				010F3399183CC2780036FF0C /* UIKit.framework in Frameworks */,
				010F3395183CC2780036FF0C /* Foundation.framework in Frameworks */,
			);
			runOnlyForDeploymentPostprocessing = 0;
		};
		1A0283D918D0255700DCEB95 /* Frameworks */ = {
			isa = PBXFrameworksBuildPhase;
			buildActionMask = 2147483647;
			files = (
				1A0283DE18D0255700DCEB95 /* Cocoa.framework in Frameworks */,
			);
			runOnlyForDeploymentPostprocessing = 0;
		};
		1A0283F818D0255700DCEB95 /* Frameworks */ = {
			isa = PBXFrameworksBuildPhase;
			buildActionMask = 2147483647;
			files = (
				1A0283FD18D0255700DCEB95 /* Cocoa.framework in Frameworks */,
				1A0283FC18D0255700DCEB95 /* XCTest.framework in Frameworks */,
			);
			runOnlyForDeploymentPostprocessing = 0;
		};
/* End PBXFrameworksBuildPhase section */

/* Begin PBXGroup section */
		010F3388183CC2780036FF0C = {
			isa = PBXGroup;
			children = (
				010F33CE183CC9DE0036FF0C /* FXNotifications */,
				010F339A183CC2780036FF0C /* NotificationsTest */,
				010F3393183CC2780036FF0C /* Frameworks */,
				010F3392183CC2780036FF0C /* Products */,
			);
			sourceTree = "<group>";
		};
		010F3392183CC2780036FF0C /* Products */ = {
			isa = PBXGroup;
			children = (
				010F3391183CC2780036FF0C /* NotificationsTest.app */,
				1A0283DC18D0255700DCEB95 /* NotificationsTest (OS X).app */,
				1A0283FB18D0255700DCEB95 /* NotificationsTestTests.xctest */,
			);
			name = Products;
			sourceTree = "<group>";
		};
		010F3393183CC2780036FF0C /* Frameworks */ = {
			isa = PBXGroup;
			children = (
				010F3394183CC2780036FF0C /* Foundation.framework */,
				010F3396183CC2780036FF0C /* CoreGraphics.framework */,
				010F3398183CC2780036FF0C /* UIKit.framework */,
				010F33B3183CC2780036FF0C /* XCTest.framework */,
				1A0283DD18D0255700DCEB95 /* Cocoa.framework */,
				1A0283DF18D0255700DCEB95 /* Other Frameworks */,
			);
			name = Frameworks;
			sourceTree = "<group>";
		};
		010F339A183CC2780036FF0C /* NotificationsTest */ = {
			isa = PBXGroup;
			children = (
				1AD9155618D01F79006E1635 /* iOS */,
				1A02840E18D025E700DCEB95 /* OS X */,
			);
			path = NotificationsTest;
			sourceTree = "<group>";
		};
		010F339B183CC2780036FF0C /* Supporting Files */ = {
			isa = PBXGroup;
			children = (
				010F339C183CC2780036FF0C /* NotificationsTest-Info.plist */,
				010F339D183CC2780036FF0C /* InfoPlist.strings */,
				010F33A0183CC2780036FF0C /* main.m */,
				010F33A2183CC2780036FF0C /* NotificationsTest-Prefix.pch */,
			);
			name = "Supporting Files";
			sourceTree = "<group>";
		};
		010F33CE183CC9DE0036FF0C /* FXNotifications */ = {
			isa = PBXGroup;
			children = (
				010F33CF183CC9DE0036FF0C /* FXNotifications.h */,
				010F33D0183CC9DE0036FF0C /* FXNotifications.m */,
			);
			name = FXNotifications;
			path = ../FXNotifications;
			sourceTree = "<group>";
		};
		1A0283DF18D0255700DCEB95 /* Other Frameworks */ = {
			isa = PBXGroup;
			children = (
				1A0283E018D0255700DCEB95 /* AppKit.framework */,
				1A0283E118D0255700DCEB95 /* CoreData.framework */,
				1A0283E218D0255700DCEB95 /* Foundation.framework */,
			);
			name = "Other Frameworks";
			sourceTree = "<group>";
		};
		1A0283E418D0255700DCEB95 /* Supporting Files */ = {
			isa = PBXGroup;
			children = (
				1A0283E518D0255700DCEB95 /* NotificationsTest-Info.plist */,
				1A0283E618D0255700DCEB95 /* InfoPlist.strings */,
				1A0283E918D0255700DCEB95 /* main.m */,
				1A0283EB18D0255700DCEB95 /* NotificationsTest-Prefix.pch */,
			);
			name = "Supporting Files";
			sourceTree = "<group>";
		};
		1A02840E18D025E700DCEB95 /* OS X */ = {
			isa = PBXGroup;
			children = (
				1A0283EF18D0255700DCEB95 /* AppDelegate.h */,
				1A0283F018D0255700DCEB95 /* AppDelegate.m */,
				1A0283F218D0255700DCEB95 /* MainMenu.xib */,
				1A02841418D02BC200DCEB95 /* WindowController.h */,
				1A02841518D02BC200DCEB95 /* WindowController.m */,
				1A02841618D02BC200DCEB95 /* WindowController.xib */,
				1A0283F518D0255700DCEB95 /* Images.xcassets */,
				1A0283E418D0255700DCEB95 /* Supporting Files */,
			);
			path = "OS X";
			sourceTree = "<group>";
		};
		1AD9155618D01F79006E1635 /* iOS */ = {
			isa = PBXGroup;
			children = (
				010F33A3183CC2780036FF0C /* AppDelegate.h */,
				010F33A4183CC2780036FF0C /* AppDelegate.m */,
				010F33A9183CC2780036FF0C /* ViewController.h */,
				010F33AA183CC2780036FF0C /* ViewController.m */,
				1AD9155B18D0210B006E1635 /* Main.storyboard */,
				010F33AC183CC2780036FF0C /* Images.xcassets */,
				010F339B183CC2780036FF0C /* Supporting Files */,
			);
			path = iOS;
			sourceTree = "<group>";
		};
/* End PBXGroup section */

/* Begin PBXNativeTarget section */
		010F3390183CC2780036FF0C /* NotificationsTest (iOS) */ = {
			isa = PBXNativeTarget;
			buildConfigurationList = 010F33C3183CC2780036FF0C /* Build configuration list for PBXNativeTarget "NotificationsTest (iOS)" */;
			buildPhases = (
				010F338D183CC2780036FF0C /* Sources */,
				010F338E183CC2780036FF0C /* Frameworks */,
				010F338F183CC2780036FF0C /* Resources */,
			);
			buildRules = (
			);
			dependencies = (
			);
			name = "NotificationsTest (iOS)";
			productName = NotificationsTesr;
			productReference = 010F3391183CC2780036FF0C /* NotificationsTest.app */;
			productType = "com.apple.product-type.application";
		};
		1A0283DB18D0255700DCEB95 /* NotificationsTest (OS X) */ = {
			isa = PBXNativeTarget;
			buildConfigurationList = 1A02840818D0255800DCEB95 /* Build configuration list for PBXNativeTarget "NotificationsTest (OS X)" */;
			buildPhases = (
				1A0283D818D0255700DCEB95 /* Sources */,
				1A0283D918D0255700DCEB95 /* Frameworks */,
				1A0283DA18D0255700DCEB95 /* Resources */,
			);
			buildRules = (
			);
			dependencies = (
			);
			name = "NotificationsTest (OS X)";
			productName = NotificationsTest;
			productReference = 1A0283DC18D0255700DCEB95 /* NotificationsTest (OS X).app */;
			productType = "com.apple.product-type.application";
		};
		1A0283FA18D0255700DCEB95 /* NotificationsTestTests */ = {
			isa = PBXNativeTarget;
			buildConfigurationList = 1A02840B18D0255800DCEB95 /* Build configuration list for PBXNativeTarget "NotificationsTestTests" */;
			buildPhases = (
				1A0283F718D0255700DCEB95 /* Sources */,
				1A0283F818D0255700DCEB95 /* Frameworks */,
				1A0283F918D0255700DCEB95 /* Resources */,
			);
			buildRules = (
			);
			dependencies = (
				1A0283FF18D0255700DCEB95 /* PBXTargetDependency */,
			);
			name = NotificationsTestTests;
			productName = NotificationsTestTests;
			productReference = 1A0283FB18D0255700DCEB95 /* NotificationsTestTests.xctest */;
			productType = "com.apple.product-type.bundle.unit-test";
		};
/* End PBXNativeTarget section */

/* Begin PBXProject section */
		010F3389183CC2780036FF0C /* Project object */ = {
			isa = PBXProject;
			attributes = {
				LastUpgradeCheck = 0730;
				ORGANIZATIONNAME = "Charcoal Design";
				TargetAttributes = {
					1A0283FA18D0255700DCEB95 = {
						TestTargetID = 010F3390183CC2780036FF0C;
					};
				};
			};
			buildConfigurationList = 010F338C183CC2780036FF0C /* Build configuration list for PBXProject "NotificationsTest" */;
			compatibilityVersion = "Xcode 3.2";
			developmentRegion = English;
			hasScannedForEncodings = 0;
			knownRegions = (
				en,
				Base,
			);
			mainGroup = 010F3388183CC2780036FF0C;
			productRefGroup = 010F3392183CC2780036FF0C /* Products */;
			projectDirPath = "";
			projectRoot = "";
			targets = (
				010F3390183CC2780036FF0C /* NotificationsTest (iOS) */,
				1A0283DB18D0255700DCEB95 /* NotificationsTest (OS X) */,
				1A0283FA18D0255700DCEB95 /* NotificationsTestTests */,
			);
		};
/* End PBXProject section */

/* Begin PBXResourcesBuildPhase section */
		010F338F183CC2780036FF0C /* Resources */ = {
			isa = PBXResourcesBuildPhase;
			buildActionMask = 2147483647;
			files = (
				1AD9155918D0210B006E1635 /* Main.storyboard in Resources */,
				010F33AD183CC2780036FF0C /* Images.xcassets in Resources */,
				010F339F183CC2780036FF0C /* InfoPlist.strings in Resources */,
			);
			runOnlyForDeploymentPostprocessing = 0;
		};
		1A0283DA18D0255700DCEB95 /* Resources */ = {
			isa = PBXResourcesBuildPhase;
			buildActionMask = 2147483647;
			files = (
				1A0283E818D0255700DCEB95 /* InfoPlist.strings in Resources */,
				1A0283F618D0255700DCEB95 /* Images.xcassets in Resources */,
				1A02841818D02BC200DCEB95 /* WindowController.xib in Resources */,
				1A0283F418D0255700DCEB95 /* MainMenu.xib in Resources */,
			);
			runOnlyForDeploymentPostprocessing = 0;
		};
		1A0283F918D0255700DCEB95 /* Resources */ = {
			isa = PBXResourcesBuildPhase;
			buildActionMask = 2147483647;
			files = (
			);
			runOnlyForDeploymentPostprocessing = 0;
		};
/* End PBXResourcesBuildPhase section */

/* Begin PBXSourcesBuildPhase section */
		010F338D183CC2780036FF0C /* Sources */ = {
			isa = PBXSourcesBuildPhase;
			buildActionMask = 2147483647;
			files = (
				010F33AB183CC2780036FF0C /* ViewController.m in Sources */,
				010F33A5183CC2780036FF0C /* AppDelegate.m in Sources */,
				010F33A1183CC2780036FF0C /* main.m in Sources */,
				010F33D1183CC9DE0036FF0C /* FXNotifications.m in Sources */,
			);
			runOnlyForDeploymentPostprocessing = 0;
		};
		1A0283D818D0255700DCEB95 /* Sources */ = {
			isa = PBXSourcesBuildPhase;
			buildActionMask = 2147483647;
			files = (
				1A02841918D0375800DCEB95 /* FXNotifications.m in Sources */,
				1A0283F118D0255700DCEB95 /* AppDelegate.m in Sources */,
				1A02841718D02BC200DCEB95 /* WindowController.m in Sources */,
				1A0283EA18D0255700DCEB95 /* main.m in Sources */,
			);
			runOnlyForDeploymentPostprocessing = 0;
		};
		1A0283F718D0255700DCEB95 /* Sources */ = {
			isa = PBXSourcesBuildPhase;
			buildActionMask = 2147483647;
			files = (
			);
			runOnlyForDeploymentPostprocessing = 0;
		};
/* End PBXSourcesBuildPhase section */

/* Begin PBXTargetDependency section */
		1A0283FF18D0255700DCEB95 /* PBXTargetDependency */ = {
			isa = PBXTargetDependency;
			target = 1A0283DB18D0255700DCEB95 /* NotificationsTest (OS X) */;
			targetProxy = 1A0283FE18D0255700DCEB95 /* PBXContainerItemProxy */;
		};
/* End PBXTargetDependency section */

/* Begin PBXVariantGroup section */
		010F339D183CC2780036FF0C /* InfoPlist.strings */ = {
			isa = PBXVariantGroup;
			children = (
				010F339E183CC2780036FF0C /* en */,
			);
			name = InfoPlist.strings;
			sourceTree = "<group>";
		};
		1A0283E618D0255700DCEB95 /* InfoPlist.strings */ = {
			isa = PBXVariantGroup;
			children = (
				1A0283E718D0255700DCEB95 /* en */,
			);
			name = InfoPlist.strings;
			sourceTree = "<group>";
		};
		1A0283F218D0255700DCEB95 /* MainMenu.xib */ = {
			isa = PBXVariantGroup;
			children = (
				1A0283F318D0255700DCEB95 /* Base */,
			);
			name = MainMenu.xib;
			sourceTree = "<group>";
		};
		1AD9155B18D0210B006E1635 /* Main.storyboard */ = {
			isa = PBXVariantGroup;
			children = (
				1AD9155A18D0210B006E1635 /* Base */,
			);
			name = Main.storyboard;
			sourceTree = "<group>";
		};
/* End PBXVariantGroup section */

/* Begin XCBuildConfiguration section */
		010F33C1183CC2780036FF0C /* Debug */ = {
			isa = XCBuildConfiguration;
			buildSettings = {
				ALWAYS_SEARCH_USER_PATHS = NO;
				CLANG_CXX_LANGUAGE_STANDARD = "gnu++0x";
				CLANG_CXX_LIBRARY = "libc++";
				CLANG_ENABLE_MODULES = NO;
				CLANG_ENABLE_OBJC_ARC = YES;
				CLANG_WARN_BOOL_CONVERSION = YES;
				CLANG_WARN_CONSTANT_CONVERSION = YES;
				CLANG_WARN_CXX0X_EXTENSIONS = YES;
				CLANG_WARN_DEPRECATED_OBJC_IMPLEMENTATIONS = YES;
				CLANG_WARN_DIRECT_OBJC_ISA_USAGE = YES_ERROR;
				CLANG_WARN_DOCUMENTATION_COMMENTS = YES;
				CLANG_WARN_EMPTY_BODY = YES;
				CLANG_WARN_ENUM_CONVERSION = YES;
				CLANG_WARN_IMPLICIT_SIGN_CONVERSION = YES;
				CLANG_WARN_INT_CONVERSION = YES;
				CLANG_WARN_OBJC_EXPLICIT_OWNERSHIP_TYPE = YES;
				CLANG_WARN_OBJC_IMPLICIT_ATOMIC_PROPERTIES = YES;
				CLANG_WARN_OBJC_IMPLICIT_RETAIN_SELF = YES;
				CLANG_WARN_OBJC_MISSING_PROPERTY_SYNTHESIS = YES;
				CLANG_WARN_OBJC_RECEIVER_WEAK = YES;
				CLANG_WARN_OBJC_REPEATED_USE_OF_WEAK = YES;
				CLANG_WARN_OBJC_ROOT_CLASS = YES_ERROR;
				CLANG_WARN_SUSPICIOUS_IMPLICIT_CONVERSION = YES;
				CLANG_WARN__DUPLICATE_METHOD_MATCH = YES;
				CLANG_WARN__EXIT_TIME_DESTRUCTORS = YES;
				"CODE_SIGN_IDENTITY[sdk=iphoneos*]" = "iPhone Developer";
				COPY_PHASE_STRIP = NO;
				ENABLE_TESTABILITY = YES;
				GCC_C_LANGUAGE_STANDARD = gnu99;
				GCC_DYNAMIC_NO_PIC = NO;
				GCC_OPTIMIZATION_LEVEL = 0;
				GCC_PREPROCESSOR_DEFINITIONS = (
					"DEBUG=1",
					"$(inherited)",
				);
				GCC_SYMBOLS_PRIVATE_EXTERN = NO;
				GCC_TREAT_IMPLICIT_FUNCTION_DECLARATIONS_AS_ERRORS = YES;
				GCC_TREAT_INCOMPATIBLE_POINTER_TYPE_WARNINGS_AS_ERRORS = YES;
				GCC_WARN_64_TO_32_BIT_CONVERSION = YES;
				GCC_WARN_ABOUT_MISSING_FIELD_INITIALIZERS = YES;
				GCC_WARN_ABOUT_MISSING_NEWLINE = YES;
				GCC_WARN_ABOUT_MISSING_PROTOTYPES = YES;
				GCC_WARN_ABOUT_RETURN_TYPE = YES_ERROR;
				GCC_WARN_FOUR_CHARACTER_CONSTANTS = YES;
				GCC_WARN_HIDDEN_VIRTUAL_FUNCTIONS = YES;
				GCC_WARN_INITIALIZER_NOT_FULLY_BRACKETED = YES;
				GCC_WARN_MULTIPLE_DEFINITION_TYPES_FOR_SELECTOR = YES;
				GCC_WARN_NON_VIRTUAL_DESTRUCTOR = YES;
				GCC_WARN_PEDANTIC = YES;
				GCC_WARN_SHADOW = YES;
				GCC_WARN_SIGN_COMPARE = YES;
				GCC_WARN_STRICT_SELECTOR_MATCH = YES;
				GCC_WARN_UNDECLARED_SELECTOR = YES;
				GCC_WARN_UNINITIALIZED_AUTOS = YES;
				GCC_WARN_UNKNOWN_PRAGMAS = YES;
				GCC_WARN_UNUSED_FUNCTION = YES;
				GCC_WARN_UNUSED_LABEL = YES;
				GCC_WARN_UNUSED_PARAMETER = YES;
				GCC_WARN_UNUSED_VARIABLE = YES;
				IPHONEOS_DEPLOYMENT_TARGET = 6.0;
				MACOSX_DEPLOYMENT_TARGET = 10.8;
				ONLY_ACTIVE_ARCH = YES;
				SDKROOT = iphoneos;
				WARNING_CFLAGS = (
					"-Weverything",
					"-Wno-objc-missing-property-synthesis",
				);
			};
			name = Debug;
		};
		010F33C2183CC2780036FF0C /* Release */ = {
			isa = XCBuildConfiguration;
			buildSettings = {
				ALWAYS_SEARCH_USER_PATHS = NO;
				CLANG_CXX_LANGUAGE_STANDARD = "gnu++0x";
				CLANG_CXX_LIBRARY = "libc++";
				CLANG_ENABLE_MODULES = NO;
				CLANG_ENABLE_OBJC_ARC = YES;
				CLANG_WARN_BOOL_CONVERSION = YES;
				CLANG_WARN_CONSTANT_CONVERSION = YES;
				CLANG_WARN_CXX0X_EXTENSIONS = YES;
				CLANG_WARN_DEPRECATED_OBJC_IMPLEMENTATIONS = YES;
				CLANG_WARN_DIRECT_OBJC_ISA_USAGE = YES_ERROR;
				CLANG_WARN_DOCUMENTATION_COMMENTS = YES;
				CLANG_WARN_EMPTY_BODY = YES;
				CLANG_WARN_ENUM_CONVERSION = YES;
				CLANG_WARN_IMPLICIT_SIGN_CONVERSION = YES;
				CLANG_WARN_INT_CONVERSION = YES;
				CLANG_WARN_OBJC_EXPLICIT_OWNERSHIP_TYPE = YES;
				CLANG_WARN_OBJC_IMPLICIT_ATOMIC_PROPERTIES = YES;
				CLANG_WARN_OBJC_IMPLICIT_RETAIN_SELF = YES;
				CLANG_WARN_OBJC_MISSING_PROPERTY_SYNTHESIS = YES;
				CLANG_WARN_OBJC_RECEIVER_WEAK = YES;
				CLANG_WARN_OBJC_REPEATED_USE_OF_WEAK = YES;
				CLANG_WARN_OBJC_ROOT_CLASS = YES_ERROR;
				CLANG_WARN_SUSPICIOUS_IMPLICIT_CONVERSION = YES;
				CLANG_WARN__DUPLICATE_METHOD_MATCH = YES;
				CLANG_WARN__EXIT_TIME_DESTRUCTORS = YES;
				"CODE_SIGN_IDENTITY[sdk=iphoneos*]" = "iPhone Developer";
				COPY_PHASE_STRIP = YES;
				ENABLE_NS_ASSERTIONS = NO;
				GCC_C_LANGUAGE_STANDARD = gnu99;
				GCC_TREAT_IMPLICIT_FUNCTION_DECLARATIONS_AS_ERRORS = YES;
				GCC_TREAT_INCOMPATIBLE_POINTER_TYPE_WARNINGS_AS_ERRORS = YES;
				GCC_WARN_64_TO_32_BIT_CONVERSION = YES;
				GCC_WARN_ABOUT_MISSING_FIELD_INITIALIZERS = YES;
				GCC_WARN_ABOUT_MISSING_NEWLINE = YES;
				GCC_WARN_ABOUT_MISSING_PROTOTYPES = YES;
				GCC_WARN_ABOUT_RETURN_TYPE = YES_ERROR;
				GCC_WARN_FOUR_CHARACTER_CONSTANTS = YES;
				GCC_WARN_HIDDEN_VIRTUAL_FUNCTIONS = YES;
				GCC_WARN_INITIALIZER_NOT_FULLY_BRACKETED = YES;
				GCC_WARN_MULTIPLE_DEFINITION_TYPES_FOR_SELECTOR = YES;
				GCC_WARN_NON_VIRTUAL_DESTRUCTOR = YES;
				GCC_WARN_PEDANTIC = YES;
				GCC_WARN_SHADOW = YES;
				GCC_WARN_SIGN_COMPARE = YES;
				GCC_WARN_STRICT_SELECTOR_MATCH = YES;
				GCC_WARN_UNDECLARED_SELECTOR = YES;
				GCC_WARN_UNINITIALIZED_AUTOS = YES;
				GCC_WARN_UNKNOWN_PRAGMAS = YES;
				GCC_WARN_UNUSED_FUNCTION = YES;
				GCC_WARN_UNUSED_LABEL = YES;
				GCC_WARN_UNUSED_PARAMETER = YES;
				GCC_WARN_UNUSED_VARIABLE = YES;
				IPHONEOS_DEPLOYMENT_TARGET = 6.0;
				MACOSX_DEPLOYMENT_TARGET = 10.8;
				SDKROOT = iphoneos;
				VALIDATE_PRODUCT = YES;
				WARNING_CFLAGS = (
					"-Weverything",
					"-Wno-objc-missing-property-synthesis",
				);
			};
			name = Release;
		};
		010F33C4183CC2780036FF0C /* Debug */ = {
			isa = XCBuildConfiguration;
			buildSettings = {
				ASSETCATALOG_COMPILER_APPICON_NAME = AppIcon;
				ASSETCATALOG_COMPILER_LAUNCHIMAGE_NAME = LaunchImage;
				GCC_PRECOMPILE_PREFIX_HEADER = YES;
				GCC_PREFIX_HEADER = "NotificationsTest/iOS/NotificationsTest-Prefix.pch";
				INFOPLIST_FILE = "NotificationsTest/iOS/NotificationsTest-Info.plist";
				PRODUCT_BUNDLE_IDENTIFIER = "com.charcoaldesign.${PRODUCT_NAME:rfc1034identifier}";
				PRODUCT_NAME = NotificationsTest;
				WRAPPER_EXTENSION = app;
			};
			name = Debug;
		};
		010F33C5183CC2780036FF0C /* Release */ = {
			isa = XCBuildConfiguration;
			buildSettings = {
				ASSETCATALOG_COMPILER_APPICON_NAME = AppIcon;
				ASSETCATALOG_COMPILER_LAUNCHIMAGE_NAME = LaunchImage;
				GCC_PRECOMPILE_PREFIX_HEADER = YES;
				GCC_PREFIX_HEADER = "NotificationsTest/iOS/NotificationsTest-Prefix.pch";
				INFOPLIST_FILE = "NotificationsTest/iOS/NotificationsTest-Info.plist";
				PRODUCT_BUNDLE_IDENTIFIER = "com.charcoaldesign.${PRODUCT_NAME:rfc1034identifier}";
				PRODUCT_NAME = NotificationsTest;
				WRAPPER_EXTENSION = app;
			};
			name = Release;
		};
		1A02840918D0255800DCEB95 /* Debug */ = {
			isa = XCBuildConfiguration;
			buildSettings = {
				ASSETCATALOG_COMPILER_APPICON_NAME = AppIcon;
				COMBINE_HIDPI_IMAGES = YES;
				FRAMEWORK_SEARCH_PATHS = (
					"$(inherited)",
					"$(DEVELOPER_FRAMEWORKS_DIR)",
				);
				GCC_ENABLE_OBJC_EXCEPTIONS = YES;
				GCC_PRECOMPILE_PREFIX_HEADER = YES;
				GCC_PREFIX_HEADER = "NotificationsTest/OS X/NotificationsTest-Prefix.pch";
				GCC_PREPROCESSOR_DEFINITIONS = (
					"DEBUG=1",
					"$(inherited)",
				);
				GCC_WARN_UNINITIALIZED_AUTOS = YES_AGGRESSIVE;
				INFOPLIST_FILE = "NotificationsTest/OS X/NotificationsTest-Info.plist";
				MACOSX_DEPLOYMENT_TARGET = 10.8;
				PRODUCT_BUNDLE_IDENTIFIER = "com.caffeineandcocoa.${PRODUCT_NAME:rfc1034identifier}";
				PRODUCT_NAME = "$(TARGET_NAME)";
				SDKROOT = macosx;
				WRAPPER_EXTENSION = app;
			};
			name = Debug;
		};
		1A02840A18D0255800DCEB95 /* Release */ = {
			isa = XCBuildConfiguration;
			buildSettings = {
				ASSETCATALOG_COMPILER_APPICON_NAME = AppIcon;
				COMBINE_HIDPI_IMAGES = YES;
				DEBUG_INFORMATION_FORMAT = "dwarf-with-dsym";
				FRAMEWORK_SEARCH_PATHS = (
					"$(inherited)",
					"$(DEVELOPER_FRAMEWORKS_DIR)",
				);
				GCC_ENABLE_OBJC_EXCEPTIONS = YES;
				GCC_PRECOMPILE_PREFIX_HEADER = YES;
				GCC_PREFIX_HEADER = "NotificationsTest/OS X/NotificationsTest-Prefix.pch";
				GCC_WARN_UNINITIALIZED_AUTOS = YES_AGGRESSIVE;
				INFOPLIST_FILE = "NotificationsTest/OS X/NotificationsTest-Info.plist";
				MACOSX_DEPLOYMENT_TARGET = 10.8;
				PRODUCT_BUNDLE_IDENTIFIER = "com.caffeineandcocoa.${PRODUCT_NAME:rfc1034identifier}";
				PRODUCT_NAME = "$(TARGET_NAME)";
				SDKROOT = macosx;
				WRAPPER_EXTENSION = app;
			};
			name = Release;
		};
		1A02840C18D0255800DCEB95 /* Debug */ = {
			isa = XCBuildConfiguration;
			buildSettings = {
				BUNDLE_LOADER = "$(BUILT_PRODUCTS_DIR)/NotificationsTest.app/NotificationsTest";
				COMBINE_HIDPI_IMAGES = YES;
				FRAMEWORK_SEARCH_PATHS = (
					"$(DEVELOPER_FRAMEWORKS_DIR)",
					"$(inherited)",
				);
				GCC_ENABLE_OBJC_EXCEPTIONS = YES;
				GCC_PRECOMPILE_PREFIX_HEADER = YES;
				GCC_PREFIX_HEADER = "NotificationsTest/NotificationsTest-Prefix.pch";
				GCC_PREPROCESSOR_DEFINITIONS = (
					"DEBUG=1",
					"$(inherited)",
				);
				GCC_WARN_UNINITIALIZED_AUTOS = YES_AGGRESSIVE;
				INFOPLIST_FILE = "NotificationsTestTests/NotificationsTestTests-Info.plist";
				MACOSX_DEPLOYMENT_TARGET = 10.9;
				PRODUCT_NAME = "$(TARGET_NAME)";
				SDKROOT = macosx;
				TEST_HOST = "$(BUNDLE_LOADER)";
				WRAPPER_EXTENSION = xctest;
			};
			name = Debug;
		};
		1A02840D18D0255800DCEB95 /* Release */ = {
			isa = XCBuildConfiguration;
			buildSettings = {
				BUNDLE_LOADER = "$(BUILT_PRODUCTS_DIR)/NotificationsTest.app/NotificationsTest";
				COMBINE_HIDPI_IMAGES = YES;
				DEBUG_INFORMATION_FORMAT = "dwarf-with-dsym";
				FRAMEWORK_SEARCH_PATHS = (
					"$(DEVELOPER_FRAMEWORKS_DIR)",
					"$(inherited)",
				);
				GCC_ENABLE_OBJC_EXCEPTIONS = YES;
				GCC_PRECOMPILE_PREFIX_HEADER = YES;
				GCC_PREFIX_HEADER = "NotificationsTest/NotificationsTest-Prefix.pch";
				GCC_WARN_UNINITIALIZED_AUTOS = YES_AGGRESSIVE;
				INFOPLIST_FILE = "NotificationsTestTests/NotificationsTestTests-Info.plist";
				MACOSX_DEPLOYMENT_TARGET = 10.9;
				PRODUCT_NAME = "$(TARGET_NAME)";
				SDKROOT = macosx;
				TEST_HOST = "$(BUNDLE_LOADER)";
				WRAPPER_EXTENSION = xctest;
			};
			name = Release;
		};
/* End XCBuildConfiguration section */

/* Begin XCConfigurationList section */
		010F338C183CC2780036FF0C /* Build configuration list for PBXProject "NotificationsTest" */ = {
			isa = XCConfigurationList;
			buildConfigurations = (
				010F33C1183CC2780036FF0C /* Debug */,
				010F33C2183CC2780036FF0C /* Release */,
			);
			defaultConfigurationIsVisible = 0;
			defaultConfigurationName = Release;
		};
		010F33C3183CC2780036FF0C /* Build configuration list for PBXNativeTarget "NotificationsTest (iOS)" */ = {
			isa = XCConfigurationList;
			buildConfigurations = (
				010F33C4183CC2780036FF0C /* Debug */,
				010F33C5183CC2780036FF0C /* Release */,
			);
			defaultConfigurationIsVisible = 0;
			defaultConfigurationName = Release;
		};
		1A02840818D0255800DCEB95 /* Build configuration list for PBXNativeTarget "NotificationsTest (OS X)" */ = {
			isa = XCConfigurationList;
			buildConfigurations = (
				1A02840918D0255800DCEB95 /* Debug */,
				1A02840A18D0255800DCEB95 /* Release */,
			);
			defaultConfigurationIsVisible = 0;
			defaultConfigurationName = Release;
		};
		1A02840B18D0255800DCEB95 /* Build configuration list for PBXNativeTarget "NotificationsTestTests" */ = {
			isa = XCConfigurationList;
			buildConfigurations = (
				1A02840C18D0255800DCEB95 /* Debug */,
				1A02840D18D0255800DCEB95 /* Release */,
			);
			defaultConfigurationIsVisible = 0;
			defaultConfigurationName = Release;
		};
/* End XCConfigurationList section */
	};
	rootObject = 010F3389183CC2780036FF0C /* Project object */;
}
